
Microsoft Visual Studio Solution File, Format Version 12.00
# Visual Studio Version 17
VisualStudioVersion = 17.14.36414.22 d17.14
MinimumVisualStudioVersion = 10.0.40219.1
Project("{FAE04EC0-301F-11D3-BF4B-00C04F79EFBC}") = "project-cms", "project-cms.csproj", "{00EFCF8C-FCD3-4176-91E0-D66BCB8461C5}"
EndProject
Global
	GlobalSection(SolutionConfigurationPlatforms) = preSolution
		Debug|Any CPU = Debug|Any CPU
		Release|Any CPU = Release|Any CPU
	EndGlobalSection
	GlobalSection(ProjectConfigurationPlatforms) = postSolution
		{00EFCF8C-FCD3-4176-91E0-D66BCB8461C5}.Debug|Any CPU.ActiveCfg = Debug|Any CPU
		{00EFCF8C-FCD3-4176-91E0-D66BCB8461C5}.Debug|Any CPU.Build.0 = Debug|Any CPU
		{00EFCF8C-FCD3-4176-91E0-D66BCB8461C5}.Release|Any CPU.ActiveCfg = Release|Any CPU
		{00EFCF8C-FCD3-4176-91E0-D66BCB8461C5}.Release|Any CPU.Build.0 = Release|Any CPU
	EndGlobalSection
	GlobalSection(SolutionProperties) = preSolution
		HideSolutionNode = FALSE
	EndGlobalSection
	GlobalSection(ExtensibilityGlobals) = postSolution
		SolutionGuid = {AF2EE181-B33D-4767-BEC3-E84DBA585833}
	EndGlobalSection
EndGlobal
